<?xml version="1.0" encoding="utf-8"?>
<Project ToolsVersion="4.0" xmlns="http://schemas.microsoft.com/developer/msbuild/2003">
  <ItemGroup>
    <Filter Include="소스 파일">
      <UniqueIdentifier>{4FC737F1-C7A5-4376-A066-2A32D752A2FF}</UniqueIdentifier>
      <Extensions>cpp;c;cc;cxx;c++;cppm;ixx;def;odl;idl;hpj;bat;asm;asmx</Extensions>
    </Filter>
    <Filter Include="헤더 파일">
      <UniqueIdentifier>{93995380-89BD-4b04-88EB-625FBE52EBFB}</UniqueIdentifier>
      <Extensions>h;hh;hpp;hxx;h++;hm;inl;inc;ipp;xsd</Extensions>
    </Filter>
    <Filter Include="리소스 파일">
      <UniqueIdentifier>{67DA6AB6-F800-4c08-8B7A-83BB121AAD01}</UniqueIdentifier>
      <Extensions>rc;ico;cur;bmp;dlg;rc2;rct;bin;rgs;gif;jpg;jpeg;jpe;resx;tiff;tif;png;wav;mfcribbon-ms</Extensions>
    </Filter>
    <Filter Include="Player">
      <UniqueIdentifier>{1e1f2164-29a2-4857-b2b0-f56b81c5778d}</UniqueIdentifier>
    </Filter>
    <Filter Include="Bullet">
      <UniqueIdentifier>{91b066db-5b85-4ad8-88b7-04472a9c20fd}</UniqueIdentifier>
    </Filter>
    <Filter Include="Mng">
      <UniqueIdentifier>{7e4c04fd-f37a-4a45-9f43-54c619b0f426}</UniqueIdentifier>
    </Filter>
    <Filter Include="Enemy">
      <UniqueIdentifier>{ca8a4f8b-72dd-4000-aa99-a295c91a17e7}</UniqueIdentifier>
    </Filter>
    <Filter Include="Unit">
      <UniqueIdentifier>{b7d68e0a-50a0-4545-89ed-fec679a6d6ce}</UniqueIdentifier>
    </Filter>
    <Filter Include="Score">
      <UniqueIdentifier>{467ad030-f9c6-42ca-8b7f-75f6c666783a}</UniqueIdentifier>
    </Filter>
    <Filter Include="Effect">
      <UniqueIdentifier>{e5cf70da-15f1-4fa4-9b8f-c88dc6c6527f}</UniqueIdentifier>
    </Filter>
    <Filter Include="GameTime">
      <UniqueIdentifier>{856dc038-769f-4baa-ad53-974263215a68}</UniqueIdentifier>
    </Filter>
    <Filter Include="Singleton">
      <UniqueIdentifier>{839345b7-7c72-4126-9c8a-d563460c856b}</UniqueIdentifier>
    </Filter>
    <Filter Include="State">
      <UniqueIdentifier>{31332d3b-3564-4ce4-b170-dcde6551322b}</UniqueIdentifier>
    </Filter>
    <Filter Include="State\MenuState">
      <UniqueIdentifier>{37fa4e8d-d9f9-4a7f-abc3-5a5bb7ecdda2}</UniqueIdentifier>
    </Filter>
    <Filter Include="State\GameState">
      <UniqueIdentifier>{af7a2fee-5c53-47a4-8a9e-956517c821a2}</UniqueIdentifier>
    </Filter>
    <Filter Include="Sound">
      <UniqueIdentifier>{573d262f-5265-46e0-9dde-5cddecd657b7}</UniqueIdentifier>
    </Filter>
  </ItemGroup>
  <ItemGroup>
    <ClCompile Include="main.cpp">
      <Filter>소스 파일</Filter>
    </ClCompile>
    <ClCompile Include="ConsoleFramework.cpp">
      <Filter>소스 파일</Filter>
    </ClCompile>
    <ClCompile Include="Player.cpp">
      <Filter>Player</Filter>
    </ClCompile>
    <ClCompile Include="Bullet.cpp">
      <Filter>Bullet</Filter>
    </ClCompile>
    <ClCompile Include="GameMng.cpp">
      <Filter>Mng</Filter>
    </ClCompile>
    <ClCompile Include="Enemy.cpp">
      <Filter>Enemy</Filter>
    </ClCompile>
    <ClCompile Include="Unit.cpp">
      <Filter>Unit</Filter>
    </ClCompile>
    <ClCompile Include="Score.cpp">
      <Filter>Score</Filter>
    </ClCompile>
    <ClCompile Include="Effect.cpp">
      <Filter>Effect</Filter>
    </ClCompile>
    <ClCompile Include="gameTime.cpp">
      <Filter>GameTime</Filter>
    </ClCompile>
    <ClCompile Include="State.cpp">
      <Filter>State</Filter>
    </ClCompile>
    <ClCompile Include="StateCtrl.cpp">
      <Filter>State</Filter>
    </ClCompile>
    <ClCompile Include="MenuState.cpp">
      <Filter>State\MenuState</Filter>
    </ClCompile>
    <ClCompile Include="GameState.cpp">
      <Filter>State\GameState</Filter>
    </ClCompile>
    <ClCompile Include="Sound.cpp">
      <Filter>Sound</Filter>
    </ClCompile>
  </ItemGroup>
  <ItemGroup>
    <ClInclude Include="include.h">
      <Filter>헤더 파일</Filter>
    </ClInclude>
    <ClInclude Include="Define.h">
      <Filter>헤더 파일</Filter>
    </ClInclude>
    <ClInclude Include="Player.h">
      <Filter>Player</Filter>
    </ClInclude>
    <ClInclude Include="Bullet.h">
      <Filter>Bullet</Filter>
    </ClInclude>
    <ClInclude Include="GameMng.h">
      <Filter>Mng</Filter>
    </ClInclude>
    <ClInclude Include="Enemy.h">
      <Filter>Enemy</Filter>
    </ClInclude>
    <ClInclude Include="Unit.h">
      <Filter>Unit</Filter>
    </ClInclude>
    <ClInclude Include="Score.h">
      <Filter>Score</Filter>
    </ClInclude>
    <ClInclude Include="Effect.h">
      <Filter>Effect</Filter>
    </ClInclude>
    <ClInclude Include="gameTime.h">
      <Filter>GameTime</Filter>
    </ClInclude>
    <ClInclude Include="Singleton.h">
      <Filter>Singleton</Filter>
    </ClInclude>
    <ClInclude Include="State.h">
      <Filter>State</Filter>
    </ClInclude>
    <ClInclude Include="StateCtrl.h">
      <Filter>State</Filter>
    </ClInclude>
    <ClInclude Include="MenuState.h">
      <Filter>State\MenuState</Filter>
    </ClInclude>
    <ClInclude Include="GameState.h">
      <Filter>State\GameState</Filter>
    </ClInclude>
    <ClInclude Include="Sound.h">
      <Filter>Sound</Filter>
    </ClInclude>
  </ItemGroup>
</Project>